
Microsoft Visual Studio Solution File, Format Version 12.00
# Visual Studio 14
VisualStudioVersion = 14.0.25420.1
MinimumVisualStudioVersion = 10.0.40219.1
Project("{FAE04EC0-301F-11D3-BF4B-00C04F79EFBC}") = "SparkPost", "SparkPost\SparkPost.csproj", "{A5DDA3E3-7B3D-46C3-B4BB-C627FBA37812}"
EndProject
Project("{FAE04EC0-301F-11D3-BF4B-00C04F79EFBC}") = "SparkPost.Tests", "SparkPost.Tests\SparkPost.Tests.csproj", "{52F2F4F4-3DE2-49C6-87D8-BD6F825B9372}"
EndProject
Project("{FAE04EC0-301F-11D3-BF4B-00C04F79EFBC}") = "SparkPost.Acceptance", "SparkPost.Acceptance\SparkPost.Acceptance.csproj", "{8F62193B-1C44-4E92-96C7-8EBD610F7669}"
EndProject
Project("{FAE04EC0-301F-11D3-BF4B-00C04F79EFBC}") = "SendTemplate", "..\examples\SendTemplate\SendTemplate.csproj", "{A85DDE10-EBD6-4B58-93D6-185809C73FE8}"
EndProject
Project("{2150E333-8FDC-42A3-9474-1A3956D46DE8}") = "Examples", "Examples", "{1DC64ED8-82FD-4640-90F3-BD487C809039}"
EndProject
Project("{FAE04EC0-301F-11D3-BF4B-00C04F79EFBC}") = "SendInline", "..\examples\SendInline\SendInline.csproj", "{8D45D223-E1FE-4652-A37E-09507AC4E107}"
EndProject
Project("{FAE04EC0-301F-11D3-BF4B-00C04F79EFBC}") = "CC", "..\examples\CC\CC.csproj", "{2B086611-A56B-4857-9F7F-A8603D7AA3FD}"
EndProject
Project("{FAE04EC0-301F-11D3-BF4B-00C04F79EFBC}") = "BCC", "..\examples\BCC\BCC.csproj", "{16978032-B34C-44B6-8DA1-475D751338F1}"
EndProject
Global
	GlobalSection(SolutionConfigurationPlatforms) = preSolution
		Debug|Any CPU = Debug|Any CPU
		Release|Any CPU = Release|Any CPU
	EndGlobalSection
	GlobalSection(ProjectConfigurationPlatforms) = postSolution
		{A5DDA3E3-7B3D-46C3-B4BB-C627FBA37812}.Debug|Any CPU.ActiveCfg = Debug|Any CPU
		{A5DDA3E3-7B3D-46C3-B4BB-C627FBA37812}.Debug|Any CPU.Build.0 = Debug|Any CPU
		{A5DDA3E3-7B3D-46C3-B4BB-C627FBA37812}.Release|Any CPU.ActiveCfg = Release|Any CPU
		{A5DDA3E3-7B3D-46C3-B4BB-C627FBA37812}.Release|Any CPU.Build.0 = Release|Any CPU
		{52F2F4F4-3DE2-49C6-87D8-BD6F825B9372}.Debug|Any CPU.ActiveCfg = Debug|Any CPU
		{52F2F4F4-3DE2-49C6-87D8-BD6F825B9372}.Debug|Any CPU.Build.0 = Debug|Any CPU
		{52F2F4F4-3DE2-49C6-87D8-BD6F825B9372}.Release|Any CPU.ActiveCfg = Release|Any CPU
		{52F2F4F4-3DE2-49C6-87D8-BD6F825B9372}.Release|Any CPU.Build.0 = Release|Any CPU
		{8F62193B-1C44-4E92-96C7-8EBD610F7669}.Debug|Any CPU.ActiveCfg = Debug|Any CPU
		{8F62193B-1C44-4E92-96C7-8EBD610F7669}.Debug|Any CPU.Build.0 = Debug|Any CPU
		{8F62193B-1C44-4E92-96C7-8EBD610F7669}.Release|Any CPU.ActiveCfg = Release|Any CPU
		{8F62193B-1C44-4E92-96C7-8EBD610F7669}.Release|Any CPU.Build.0 = Release|Any CPU
		{A85DDE10-EBD6-4B58-93D6-185809C73FE8}.Debug|Any CPU.ActiveCfg = Debug|Any CPU
		{A85DDE10-EBD6-4B58-93D6-185809C73FE8}.Debug|Any CPU.Build.0 = Debug|Any CPU
		{A85DDE10-EBD6-4B58-93D6-185809C73FE8}.Release|Any CPU.ActiveCfg = Release|Any CPU
		{A85DDE10-EBD6-4B58-93D6-185809C73FE8}.Release|Any CPU.Build.0 = Release|Any CPU
		{8D45D223-E1FE-4652-A37E-09507AC4E107}.Debug|Any CPU.ActiveCfg = Debug|Any CPU
		{8D45D223-E1FE-4652-A37E-09507AC4E107}.Debug|Any CPU.Build.0 = Debug|Any CPU
		{8D45D223-E1FE-4652-A37E-09507AC4E107}.Release|Any CPU.ActiveCfg = Release|Any CPU
		{8D45D223-E1FE-4652-A37E-09507AC4E107}.Release|Any CPU.Build.0 = Release|Any CPU
		{2B086611-A56B-4857-9F7F-A8603D7AA3FD}.Debug|Any CPU.ActiveCfg = Debug|Any CPU
		{2B086611-A56B-4857-9F7F-A8603D7AA3FD}.Debug|Any CPU.Build.0 = Debug|Any CPU
		{2B086611-A56B-4857-9F7F-A8603D7AA3FD}.Release|Any CPU.ActiveCfg = Release|Any CPU
		{2B086611-A56B-4857-9F7F-A8603D7AA3FD}.Release|Any CPU.Build.0 = Release|Any CPU
		{16978032-B34C-44B6-8DA1-475D751338F1}.Debug|Any CPU.ActiveCfg = Debug|Any CPU
		{16978032-B34C-44B6-8DA1-475D751338F1}.Debug|Any CPU.Build.0 = Debug|Any CPU
		{16978032-B34C-44B6-8DA1-475D751338F1}.Release|Any CPU.ActiveCfg = Release|Any CPU
		{16978032-B34C-44B6-8DA1-475D751338F1}.Release|Any CPU.Build.0 = Release|Any CPU
	EndGlobalSection
	GlobalSection(SolutionProperties) = preSolution
		HideSolutionNode = FALSE
	EndGlobalSection
	GlobalSection(NestedProjects) = preSolution
		{A85DDE10-EBD6-4B58-93D6-185809C73FE8} = {1DC64ED8-82FD-4640-90F3-BD487C809039}
		{8D45D223-E1FE-4652-A37E-09507AC4E107} = {1DC64ED8-82FD-4640-90F3-BD487C809039}
		{2B086611-A56B-4857-9F7F-A8603D7AA3FD} = {1DC64ED8-82FD-4640-90F3-BD487C809039}
		{16978032-B34C-44B6-8DA1-475D751338F1} = {1DC64ED8-82FD-4640-90F3-BD487C809039}
	EndGlobalSection
EndGlobal
